// !$*UTF8*$!
{
	archiveVersion = 1;
	classes = {
	};
	objectVersion = 50;
	objects = {

/* Begin PBXBuildFile section */
		AE49D95124126AF00047054C /* AppDelegate.swift in Sources */ = {isa = PBXBuildFile; fileRef = AE49D95024126AF00047054C /* AppDelegate.swift */; };
		AE49D95324126AF00047054C /* SceneDelegate.swift in Sources */ = {isa = PBXBuildFile; fileRef = AE49D95224126AF00047054C /* SceneDelegate.swift */; };
		AE49D95524126AF00047054C /* ViewController.swift in Sources */ = {isa = PBXBuildFile; fileRef = AE49D95424126AF00047054C /* ViewController.swift */; };
		AE49D95824126AF00047054C /* Main.storyboard in Resources */ = {isa = PBXBuildFile; fileRef = AE49D95624126AF00047054C /* Main.storyboard */; };
		AE49D95A24126AF10047054C /* Assets.xcassets in Resources */ = {isa = PBXBuildFile; fileRef = AE49D95924126AF10047054C /* Assets.xcassets */; };
		AE49D95D24126AF10047054C /* LaunchScreen.storyboard in Resources */ = {isa = PBXBuildFile; fileRef = AE49D95B24126AF10047054C /* LaunchScreen.storyboard */; };
/* End PBXBuildFile section */

/* Begin PBXFileReference section */
		AE49D94D24126AF00047054C /* HalfMenuDodo.app */ = {isa = PBXFileReference; explicitFileType = wrapper.application; includeInIndex = 0; path = HalfMenuDodo.app; sourceTree = BUILT_PRODUCTS_DIR; };
		AE49D95024126AF00047054C /* AppDelegate.swift */ = {isa = PBXFileReference; lastKnownFileType = sourcecode.swift; path = AppDelegate.swift; sourceTree = "<group>"; };
		AE49D95224126AF00047054C /* SceneDelegate.swift */ = {isa = PBXFileReference; lastKnownFileType = sourcecode.swift; path = SceneDelegate.swift; sourceTree = "<group>"; };
		AE49D95424126AF00047054C /* ViewController.swift */ = {isa = PBXFileReference; lastKnownFileType = sourcecode.swift; path = ViewController.swift; sourceTree = "<group>"; };
		AE49D95724126AF00047054C /* Base */ = {isa = PBXFileReference; lastKnownFileType = file.storyboard; name = Base; path = Base.lproj/Main.storyboard; sourceTree = "<group>"; };
		AE49D95924126AF10047054C /* Assets.xcassets */ = {isa = PBXFileReference; lastKnownFileType = folder.assetcatalog; path = Assets.xcassets; sourceTree = "<group>"; };
		AE49D95C24126AF10047054C /* Base */ = {isa = PBXFileReference; lastKnownFileType = file.storyboard; name = Base; path = Base.lproj/LaunchScreen.storyboard; sourceTree = "<group>"; };
		AE49D95E24126AF10047054C /* Info.plist */ = {isa = PBXFileReference; lastKnownFileType = text.plist.xml; path = Info.plist; sourceTree = "<group>"; };
/* End PBXFileReference section */

/* Begin PBXFrameworksBuildPhase section */
		AE49D94A24126AF00047054C /* Frameworks */ = {
			isa = PBXFrameworksBuildPhase;
			buildActionMask = 2147483647;
			files = (
			);
			runOnlyForDeploymentPostprocessing = 0;
		};
/* End PBXFrameworksBuildPhase section */

/* Begin PBXGroup section */
		AE49D94424126AF00047054C = {
			isa = PBXGroup;
			children = (
				AE49D94F24126AF00047054C /* HalfMenuDodo */,
				AE49D94E24126AF00047054C /* Products */,
			);
			sourceTree = "<group>";
		};
		AE49D94E24126AF00047054C /* Products */ = {
			isa = PBXGroup;
			children = (
				AE49D94D24126AF00047054C /* HalfMenuDodo.app */,
			);
			name = Products;
			sourceTree = "<group>";
		};
		AE49D94F24126AF00047054C /* HalfMenuDodo */ = {
			isa = PBXGroup;
			children = (
				AE49D95024126AF00047054C /* AppDelegate.swift */,
				AE49D95224126AF00047054C /* SceneDelegate.swift */,
				AE49D95424126AF00047054C /* ViewController.swift */,
				AE49D95624126AF00047054C /* Main.storyboard */,
				AE49D95924126AF10047054C /* Assets.xcassets */,
				AE49D95B24126AF10047054C /* LaunchScreen.storyboard */,
				AE49D95E24126AF10047054C /* Info.plist */,
			);
			path = HalfMenuDodo;
			sourceTree = "<group>";
		};
/* End PBXGroup section */

/* Begin PBXNativeTarget section */
		AE49D94C24126AF00047054C /* HalfMenuDodo */ = {
			isa = PBXNativeTarget;
			buildConfigurationList = AE49D96124126AF10047054C /* Build configuration list for PBXNativeTarget "HalfMenuDodo" */;
			buildPhases = (
				AE49D94924126AF00047054C /* Sources */,
				AE49D94A24126AF00047054C /* Frameworks */,
				AE49D94B24126AF00047054C /* Resources */,
			);
			buildRules = (
			);
			dependencies = (
			);
			name = HalfMenuDodo;
			productName = HalfMenuDodo;
			productReference = AE49D94D24126AF00047054C /* HalfMenuDodo.app */;
			productType = "com.apple.product-type.application";
		};
/* End PBXNativeTarget section */

/* Begin PBXProject section */
		AE49D94524126AF00047054C /* Project object */ = {
			isa = PBXProject;
			attributes = {
				LastSwiftUpdateCheck = 1130;
				LastUpgradeCheck = 1130;
				ORGANIZATIONNAME = rau4o;
				TargetAttributes = {
					AE49D94C24126AF00047054C = {
						CreatedOnToolsVersion = 11.3.1;
					};
				};
			};
			buildConfigurationList = AE49D94824126AF00047054C /* Build configuration list for PBXProject "HalfMenuDodo" */;
			compatibilityVersion = "Xcode 9.3";
			developmentRegion = en;
			hasScannedForEncodings = 0;
			knownRegions = (
				en,
				Base,
			);
			mainGroup = AE49D94424126AF00047054C;
			productRefGroup = AE49D94E24126AF00047054C /* Products */;
			projectDirPath = "";
			projectRoot = "";
			targets = (
				AE49D94C24126AF00047054C /* HalfMenuDodo */,
			);
		};
/* End PBXProject section */

/* Begin PBXResourcesBuildPhase section */
		AE49D94B24126AF00047054C /* Resources */ = {
			isa = PBXResourcesBuildPhase;
			buildActionMask = 2147483647;
			files = (
				AE49D95D24126AF10047054C /* LaunchScreen.storyboard in Resources */,
				AE49D95A24126AF10047054C /* Assets.xcassets in Resources */,
				AE49D95824126AF00047054C /* Main.storyboard in Resources */,
			);
			runOnlyForDeploymentPostprocessing = 0;
		};
/* End PBXResourcesBuildPhase section */

/* Begin PBXSourcesBuildPhase section */
		AE49D94924126AF00047054C /* Sources */ = {
			isa = PBXSourcesBuildPhase;
			buildActionMask = 2147483647;
			files = (
				AE49D95524126AF00047054C /* ViewController.swift in Sources */,
				AE49D95124126AF00047054C /* AppDelegate.swift in Sources */,
				AE49D95324126AF00047054C /* SceneDelegate.swift in Sources */,
			);
			runOnlyForDeploymentPostprocessing = 0;
		};
/* End PBXSourcesBuildPhase section */

/* Begin PBXVariantGroup section */
		AE49D95624126AF00047054C /* Main.storyboard */ = {
			isa = PBXVariantGroup;
			children = (
				AE49D95724126AF00047054C /* Base */,
			);
			name = Main.storyboard;
			sourceTree = "<group>";
		};
		AE49D95B24126AF10047054C /* LaunchScreen.storyboard */ = {
			isa = PBXVariantGroup;
			children = (
				AE49D95C24126AF10047054C /* Base */,
			);
			name = LaunchScreen.storyboard;
			sourceTree = "<group>";
		};
/* End PBXVariantGroup section */

/* Begin XCBuildConfiguration section */
		AE49D95F24126AF10047054C /* Debug */ = {
			isa = XCBuildConfiguration;
			buildSettings = {
				ALWAYS_SEARCH_USER_PATHS = NO;
				CLANG_ANALYZER_NONNULL = YES;
				CLANG_ANALYZER_NUMBER_OBJECT_CONVERSION = YES_AGGRESSIVE;
				CLANG_CXX_LANGUAGE_STANDARD = "gnu++14";
				CLANG_CXX_LIBRARY = "libc++";
				CLANG_ENABLE_MODULES = YES;
				CLANG_ENABLE_OBJC_ARC = YES;
				CLANG_ENABLE_OBJC_WEAK = YES;
				CLANG_WARN_BLOCK_CAPTURE_AUTORELEASING = YES;
				CLANG_WARN_BOOL_CONVERSION = YES;
				CLANG_WARN_COMMA = YES;
				CLANG_WARN_CONSTANT_CONVERSION = YES;
				CLANG_WARN_DEPRECATED_OBJC_IMPLEMENTATIONS = YES;
				CLANG_WARN_DIRECT_OBJC_ISA_USAGE = YES_ERROR;
				CLANG_WARN_DOCUMENTATION_COMMENTS = YES;
				CLANG_WARN_EMPTY_BODY = YES;
				CLANG_WARN_ENUM_CONVERSION = YES;
				CLANG_WARN_INFINITE_RECURSION = YES;
				CLANG_WARN_INT_CONVERSION = YES;
				CLANG_WARN_NON_LITERAL_NULL_CONVERSION = YES;
				CLANG_WARN_OBJC_IMPLICIT_RETAIN_SELF = YES;
				CLANG_WARN_OBJC_LITERAL_CONVERSION = YES;
				CLANG_WARN_OBJC_ROOT_CLASS = YES_ERROR;
				CLANG_WARN_RANGE_LOOP_ANALYSIS = YES;
				CLANG_WARN_STRICT_PROTOTYPES = YES;
				CLANG_WARN_SUSPICIOUS_MOVE = YES;
				CLANG_WARN_UNGUARDED_AVAILABILITY = YES_AGGRESSIVE;
				CLANG_WARN_UNREACHABLE_CODE = YES;
				CLANG_WARN__DUPLICATE_METHOD_MATCH = YES;
				COPY_PHASE_STRIP = NO;
				DEBUG_INFORMATION_FORMAT = dwarf;
				ENABLE_STRICT_OBJC_MSGSEND = YES;
				ENABLE_TESTABILITY = YES;
				GCC_C_LANGUAGE_STANDARD = gnu11;
				GCC_DYNAMIC_NO_PIC = NO;
				GCC_NO_COMMON_BLOCKS = YES;
				GCC_OPTIMIZATION_LEVEL = 0;
				GCC_PREPROCESSOR_DEFINITIONS = (
					"DEBUG=1",
					"$(inherited)",
				);
				GCC_WARN_64_TO_32_BIT_CONVERSION = YES;
				GCC_WARN_ABOUT_RETURN_TYPE = YES_ERROR;
				GCC_WARN_UNDECLARED_SELECTOR = YES;
				GCC_WARN_UNINITIALIZED_AUTOS = YES_AGGRESSIVE;
				GCC_WARN_UNUSED_FUNCTION = YES;
				GCC_WARN_UNUSED_VARIABLE = YES;
				IPHONEOS_DEPLOYMENT_TARGET = 13.2;
				MTL_ENABLE_DEBUG_INFO = INCLUDE_SOURCE;
				MTL_FAST_MATH = YES;
				ONLY_ACTIVE_ARCH = YES;
				SDKROOT = iphoneos;
				SWIFT_ACTIVE_COMPILATION_CONDITIONS = DEBUG;
				SWIFT_OPTIMIZATION_LEVEL = "-Onone";
			};
			name = Debug;
		};
		AE49D96024126AF10047054C /* Release */ = {
			isa = XCBuildConfiguration;
			buildSettings = {
				ALWAYS_SEARCH_USER_PATHS = NO;
				CLANG_ANALYZER_NONNULL = YES;
				CLANG_ANALYZER_NUMBER_OBJECT_CONVERSION = YES_AGGRESSIVE;
				CLANG_CXX_LANGUAGE_STANDARD = "gnu++14";
				CLANG_CXX_LIBRARY = "libc++";
				CLANG_ENABLE_MODULES = YES;
				CLANG_ENABLE_OBJC_ARC = YES;
				CLANG_ENABLE_OBJC_WEAK = YES;
				CLANG_WARN_BLOCK_CAPTURE_AUTORELEASING = YES;
				CLANG_WARN_BOOL_CONVERSION = YES;
				CLANG_WARN_COMMA = YES;
				CLANG_WARN_CONSTANT_CONVERSION = YES;
				CLANG_WARN_DEPRECATED_OBJC_IMPLEMENTATIONS = YES;
				CLANG_WARN_DIRECT_OBJC_ISA_USAGE = YES_ERROR;
				CLANG_WARN_DOCUMENTATION_COMMENTS = YES;
				CLANG_WARN_EMPTY_BODY = YES;
				CLANG_WARN_ENUM_CONVERSION = YES;
				CLANG_WARN_INFINITE_RECURSION = YES;
				CLANG_WARN_INT_CONVERSION = YES;
				CLANG_WARN_NON_LITERAL_NULL_CONVERSION = YES;
				CLANG_WARN_OBJC_IMPLICIT_RETAIN_SELF = YES;
				CLANG_WARN_OBJC_LITERAL_CONVERSION = YES;
				CLANG_WARN_OBJC_ROOT_CLASS = YES_ERROR;
				CLANG_WARN_RANGE_LOOP_ANALYSIS = YES;
				CLANG_WARN_STRICT_PROTOTYPES = YES;
				CLANG_WARN_SUSPICIOUS_MOVE = YES;
				CLANG_WARN_UNGUARDED_AVAILABILITY = YES_AGGRESSIVE;
				CLANG_WARN_UNREACHABLE_CODE = YES;
				CLANG_WARN__DUPLICATE_METHOD_MATCH = YES;
				COPY_PHASE_STRIP = NO;
				DEBUG_INFORMATION_FORMAT = "dwarf-with-dsym";
				ENABLE_NS_ASSERTIONS = NO;
				ENABLE_STRICT_OBJC_MSGSEND = YES;
				GCC_C_LANGUAGE_STANDARD = gnu11;
				GCC_NO_COMMON_BLOCKS = YES;
				GCC_WARN_64_TO_32_BIT_CONVERSION = YES;
				GCC_WARN_ABOUT_RETURN_TYPE = YES_ERROR;
				GCC_WARN_UNDECLARED_SELECTOR = YES;
				GCC_WARN_UNINITIALIZED_AUTOS = YES_AGGRESSIVE;
				GCC_WARN_UNUSED_FUNCTION = YES;
				GCC_WARN_UNUSED_VARIABLE = YES;
				IPHONEOS_DEPLOYMENT_TARGET = 13.2;
				MTL_ENABLE_DEBUG_INFO = NO;
				MTL_FAST_MATH = YES;
				SDKROOT = iphoneos;
				SWIFT_COMPILATION_MODE = wholemodule;
				SWIFT_OPTIMIZATION_LEVEL = "-O";
				VALIDATE_PRODUCT = YES;
			};
			name = Release;
		};
		AE49D96224126AF10047054C /* Debug */ = {
			isa = XCBuildConfiguration;
			buildSettings = {
				ASSETCATALOG_COMPILER_APPICON_NAME = AppIcon;
				CODE_SIGN_STYLE = Automatic;
				DEVELOPMENT_TEAM = FATE3AU2ZJ;
				INFOPLIST_FILE = HalfMenuDodo/Info.plist;
				LD_RUNPATH_SEARCH_PATHS = (
					"$(inherited)",
					"@executable_path/Frameworks",
				);
				PRODUCT_BUNDLE_IDENTIFIER = APS.HalfMenuDodo;
				PRODUCT_NAME = "$(TARGET_NAME)";
				SWIFT_VERSION = 5.0;
				TARGETED_DEVICE_FAMILY = "1,2";
			};
			name = Debug;
		};
		AE49D96324126AF10047054C /* Release */ = {
			isa = XCBuildConfiguration;
			buildSettings = {
				ASSETCATALOG_COMPILER_APPICON_NAME = AppIcon;
				CODE_SIGN_STYLE = Automatic;
				DEVELOPMENT_TEAM = FATE3AU2ZJ;
				INFOPLIST_FILE = HalfMenuDodo/Info.plist;
				LD_RUNPATH_SEARCH_PATHS = (
					"$(inherited)",
					"@executable_path/Frameworks",
				);
				PRODUCT_BUNDLE_IDENTIFIER = APS.HalfMenuDodo;
				PRODUCT_NAME = "$(TARGET_NAME)";
				SWIFT_VERSION = 5.0;
				TARGETED_DEVICE_FAMILY = "1,2";
			};
			name = Release;
		};
/* End XCBuildConfiguration section */

/* Begin XCConfigurationList section */
		AE49D94824126AF00047054C /* Build configuration list for PBXProject "HalfMenuDodo" */ = {
			isa = XCConfigurationList;
			buildConfigurations = (
				AE49D95F24126AF10047054C /* Debug */,
				AE49D96024126AF10047054C /* Release */,
			);
			defaultConfigurationIsVisible = 0;
			defaultConfigurationName = Release;
		};
		AE49D96124126AF10047054C /* Build configuration list for PBXNativeTarget "HalfMenuDodo" */ = {
			isa = XCConfigurationList;
			buildConfigurations = (
				AE49D96224126AF10047054C /* Debug */,
				AE49D96324126AF10047054C /* Release */,
			);
			defaultConfigurationIsVisible = 0;
			defaultConfigurationName = Release;
		};
/* End XCConfigurationList section */
	};
	rootObject = AE49D94524126AF00047054C /* Project object */;
}
